// !$*UTF8*$!
{
	archiveVersion = 1;
	classes = {
	};
	objectVersion = 46;
	objects = {

/* Begin PBXBuildFile section */
		47F414EC1AFA664C00EC3179 /* main.m in Sources */ = {isa = PBXBuildFile; fileRef = 47F414EB1AFA664C00EC3179 /* main.m */; };
		47F414EF1AFA664C00EC3179 /* AppDelegate.m in Sources */ = {isa = PBXBuildFile; fileRef = 47F414EE1AFA664C00EC3179 /* AppDelegate.m */; };
		47F414F21AFA664C00EC3179 /* ViewController.m in Sources */ = {isa = PBXBuildFile; fileRef = 47F414F11AFA664C00EC3179 /* ViewController.m */; };
		47F414F51AFA664C00EC3179 /* Main.storyboard in Resources */ = {isa = PBXBuildFile; fileRef = 47F414F31AFA664C00EC3179 /* Main.storyboard */; };
		47F414F71AFA664C00EC3179 /* Images.xcassets in Resources */ = {isa = PBXBuildFile; fileRef = 47F414F61AFA664C00EC3179 /* Images.xcassets */; };
		47F414FA1AFA664C00EC3179 /* LaunchScreen.xib in Resources */ = {isa = PBXBuildFile; fileRef = 47F414F81AFA664C00EC3179 /* LaunchScreen.xib */; };
		47F415061AFA664C00EC3179 /* ___Tests.m in Sources */ = {isa = PBXBuildFile; fileRef = 47F415051AFA664C00EC3179 /* ___Tests.m */; };
/* End PBXBuildFile section */

/* Begin PBXContainerItemProxy section */
		47F415001AFA664C00EC3179 /* PBXContainerItemProxy */ = {
			isa = PBXContainerItemProxy;
			containerPortal = 47F414DE1AFA664C00EC3179 /* Project object */;
			proxyType = 1;
			remoteGlobalIDString = 47F414E51AFA664C00EC3179;
			remoteInfo = "绘图板";
		};
/* End PBXContainerItemProxy section */

/* Begin PBXFileReference section */
		47F414E61AFA664C00EC3179 /* 绘图板.app */ = {isa = PBXFileReference; explicitFileType = wrapper.application; includeInIndex = 0; path = "绘图板.app"; sourceTree = BUILT_PRODUCTS_DIR; };
		47F414EA1AFA664C00EC3179 /* Info.plist */ = {isa = PBXFileReference; lastKnownFileType = text.plist.xml; path = Info.plist; sourceTree = "<group>"; };
		47F414EB1AFA664C00EC3179 /* main.m */ = {isa = PBXFileReference; lastKnownFileType = sourcecode.c.objc; path = main.m; sourceTree = "<group>"; };
		47F414ED1AFA664C00EC3179 /* AppDelegate.h */ = {isa = PBXFileReference; lastKnownFileType = sourcecode.c.h; path = AppDelegate.h; sourceTree = "<group>"; };
		47F414EE1AFA664C00EC3179 /* AppDelegate.m */ = {isa = PBXFileReference; lastKnownFileType = sourcecode.c.objc; path = AppDelegate.m; sourceTree = "<group>"; };
		47F414F01AFA664C00EC3179 /* ViewController.h */ = {isa = PBXFileReference; lastKnownFileType = sourcecode.c.h; path = ViewController.h; sourceTree = "<group>"; };
		47F414F11AFA664C00EC3179 /* ViewController.m */ = {isa = PBXFileReference; lastKnownFileType = sourcecode.c.objc; path = ViewController.m; sourceTree = "<group>"; };
		47F414F41AFA664C00EC3179 /* Base */ = {isa = PBXFileReference; lastKnownFileType = file.storyboard; name = Base; path = Base.lproj/Main.storyboard; sourceTree = "<group>"; };
		47F414F61AFA664C00EC3179 /* Images.xcassets */ = {isa = PBXFileReference; lastKnownFileType = folder.assetcatalog; path = Images.xcassets; sourceTree = "<group>"; };
		47F414F91AFA664C00EC3179 /* Base */ = {isa = PBXFileReference; lastKnownFileType = file.xib; name = Base; path = Base.lproj/LaunchScreen.xib; sourceTree = "<group>"; };
		47F414FF1AFA664C00EC3179 /* 绘图板Tests.xctest */ = {isa = PBXFileReference; explicitFileType = wrapper.cfbundle; includeInIndex = 0; path = "绘图板Tests.xctest"; sourceTree = BUILT_PRODUCTS_DIR; };
		47F415041AFA664C00EC3179 /* Info.plist */ = {isa = PBXFileReference; lastKnownFileType = text.plist.xml; path = Info.plist; sourceTree = "<group>"; };
		47F415051AFA664C00EC3179 /* ___Tests.m */ = {isa = PBXFileReference; lastKnownFileType = sourcecode.c.objc; path = "___Tests.m"; sourceTree = "<group>"; };
/* End PBXFileReference section */

/* Begin PBXFrameworksBuildPhase section */
		47F414E31AFA664C00EC3179 /* Frameworks */ = {
			isa = PBXFrameworksBuildPhase;
			buildActionMask = 2147483647;
			files = (
			);
			runOnlyForDeploymentPostprocessing = 0;
		};
		47F414FC1AFA664C00EC3179 /* Frameworks */ = {
			isa = PBXFrameworksBuildPhase;
			buildActionMask = 2147483647;
			files = (
			);
			runOnlyForDeploymentPostprocessing = 0;
		};
/* End PBXFrameworksBuildPhase section */

/* Begin PBXGroup section */
		47F414DD1AFA664C00EC3179 = {
			isa = PBXGroup;
			children = (
				47F414E81AFA664C00EC3179 /* 绘图板 */,
				47F415021AFA664C00EC3179 /* 绘图板Tests */,
				47F414E71AFA664C00EC3179 /* Products */,
			);
			sourceTree = "<group>";
		};
		47F414E71AFA664C00EC3179 /* Products */ = {
			isa = PBXGroup;
			children = (
				47F414E61AFA664C00EC3179 /* 绘图板.app */,
				47F414FF1AFA664C00EC3179 /* 绘图板Tests.xctest */,
			);
			name = Products;
			sourceTree = "<group>";
		};
		47F414E81AFA664C00EC3179 /* 绘图板 */ = {
			isa = PBXGroup;
			children = (
				47F414ED1AFA664C00EC3179 /* AppDelegate.h */,
				47F414EE1AFA664C00EC3179 /* AppDelegate.m */,
				47F414F01AFA664C00EC3179 /* ViewController.h */,
				47F414F11AFA664C00EC3179 /* ViewController.m */,
				47F414F31AFA664C00EC3179 /* Main.storyboard */,
				47F414F61AFA664C00EC3179 /* Images.xcassets */,
				47F414F81AFA664C00EC3179 /* LaunchScreen.xib */,
				47F414E91AFA664C00EC3179 /* Supporting Files */,
			);
			path = "绘图板";
			sourceTree = "<group>";
		};
		47F414E91AFA664C00EC3179 /* Supporting Files */ = {
			isa = PBXGroup;
			children = (
				47F414EA1AFA664C00EC3179 /* Info.plist */,
				47F414EB1AFA664C00EC3179 /* main.m */,
			);
			name = "Supporting Files";
			sourceTree = "<group>";
		};
		47F415021AFA664C00EC3179 /* 绘图板Tests */ = {
			isa = PBXGroup;
			children = (
				47F415051AFA664C00EC3179 /* ___Tests.m */,
				47F415031AFA664C00EC3179 /* Supporting Files */,
			);
			path = "绘图板Tests";
			sourceTree = "<group>";
		};
		47F415031AFA664C00EC3179 /* Supporting Files */ = {
			isa = PBXGroup;
			children = (
				47F415041AFA664C00EC3179 /* Info.plist */,
			);
			name = "Supporting Files";
			sourceTree = "<group>";
		};
/* End PBXGroup section */

/* Begin PBXNativeTarget section */
		47F414E51AFA664C00EC3179 /* 绘图板 */ = {
			isa = PBXNativeTarget;
			buildConfigurationList = 47F415091AFA664C00EC3179 /* Build configuration list for PBXNativeTarget "绘图板" */;
			buildPhases = (
				47F414E21AFA664C00EC3179 /* Sources */,
				47F414E31AFA664C00EC3179 /* Frameworks */,
				47F414E41AFA664C00EC3179 /* Resources */,
			);
			buildRules = (
			);
			dependencies = (
			);
			name = "绘图板";
			productName = "绘图板";
			productReference = 47F414E61AFA664C00EC3179 /* 绘图板.app */;
			productType = "com.apple.product-type.application";
		};
		47F414FE1AFA664C00EC3179 /* 绘图板Tests */ = {
			isa = PBXNativeTarget;
			buildConfigurationList = 47F4150C1AFA664C00EC3179 /* Build configuration list for PBXNativeTarget "绘图板Tests" */;
			buildPhases = (
				47F414FB1AFA664C00EC3179 /* Sources */,
				47F414FC1AFA664C00EC3179 /* Frameworks */,
				47F414FD1AFA664C00EC3179 /* Resources */,
			);
			buildRules = (
			);
			dependencies = (
				47F415011AFA664C00EC3179 /* PBXTargetDependency */,
			);
			name = "绘图板Tests";
			productName = "绘图板Tests";
			productReference = 47F414FF1AFA664C00EC3179 /* 绘图板Tests.xctest */;
			productType = "com.apple.product-type.bundle.unit-test";
		};
/* End PBXNativeTarget section */

/* Begin PBXProject section */
		47F414DE1AFA664C00EC3179 /* Project object */ = {
			isa = PBXProject;
			attributes = {
				LastUpgradeCheck = 0630;
				ORGANIZATIONNAME = "樊樊帅";
				TargetAttributes = {
					47F414E51AFA664C00EC3179 = {
						CreatedOnToolsVersion = 6.3.1;
					};
					47F414FE1AFA664C00EC3179 = {
						CreatedOnToolsVersion = 6.3.1;
						TestTargetID = 47F414E51AFA664C00EC3179;
					};
				};
			};
			buildConfigurationList = 47F414E11AFA664C00EC3179 /* Build configuration list for PBXProject "绘图板" */;
			compatibilityVersion = "Xcode 3.2";
			developmentRegion = English;
			hasScannedForEncodings = 0;
			knownRegions = (
				en,
				Base,
			);
			mainGroup = 47F414DD1AFA664C00EC3179;
			productRefGroup = 47F414E71AFA664C00EC3179 /* Products */;
			projectDirPath = "";
			projectRoot = "";
			targets = (
				47F414E51AFA664C00EC3179 /* 绘图板 */,
				47F414FE1AFA664C00EC3179 /* 绘图板Tests */,
			);
		};
/* End PBXProject section */

/* Begin PBXResourcesBuildPhase section */
		47F414E41AFA664C00EC3179 /* Resources */ = {
			isa = PBXResourcesBuildPhase;
			buildActionMask = 2147483647;
			files = (
				47F414F51AFA664C00EC3179 /* Main.storyboard in Resources */,
				47F414FA1AFA664C00EC3179 /* LaunchScreen.xib in Resources */,
				47F414F71AFA664C00EC3179 /* Images.xcassets in Resources */,
			);
			runOnlyForDeploymentPostprocessing = 0;
		};
		47F414FD1AFA664C00EC3179 /* Resources */ = {
			isa = PBXResourcesBuildPhase;
			buildActionMask = 2147483647;
			files = (
			);
			runOnlyForDeploymentPostprocessing = 0;
		};
/* End PBXResourcesBuildPhase section */

/* Begin PBXSourcesBuildPhase section */
		47F414E21AFA664C00EC3179 /* Sources */ = {
			isa = PBXSourcesBuildPhase;
			buildActionMask = 2147483647;
			files = (
				47F414F21AFA664C00EC3179 /* ViewController.m in Sources */,
				47F414EF1AFA664C00EC3179 /* AppDelegate.m in Sources */,
				47F414EC1AFA664C00EC3179 /* main.m in Sources */,
			);
			runOnlyForDeploymentPostprocessing = 0;
		};
		47F414FB1AFA664C00EC3179 /* Sources */ = {
			isa = PBXSourcesBuildPhase;
			buildActionMask = 2147483647;
			files = (
				47F415061AFA664C00EC3179 /* ___Tests.m in Sources */,
			);
			runOnlyForDeploymentPostprocessing = 0;
		};
/* End PBXSourcesBuildPhase section */

/* Begin PBXTargetDependency section */
		47F415011AFA664C00EC3179 /* PBXTargetDependency */ = {
			isa = PBXTargetDependency;
			target = 47F414E51AFA664C00EC3179 /* 绘图板 */;
			targetProxy = 47F415001AFA664C00EC3179 /* PBXContainerItemProxy */;
		};
/* End PBXTargetDependency section */

/* Begin PBXVariantGroup section */
		47F414F31AFA664C00EC3179 /* Main.storyboard */ = {
			isa = PBXVariantGroup;
			children = (
				47F414F41AFA664C00EC3179 /* Base */,
			);
			name = Main.storyboard;
			sourceTree = "<group>";
		};
		47F414F81AFA664C00EC3179 /* LaunchScreen.xib */ = {
			isa = PBXVariantGroup;
			children = (
				47F414F91AFA664C00EC3179 /* Base */,
			);
			name = LaunchScreen.xib;
			sourceTree = "<group>";
		};
/* End PBXVariantGroup section */

/* Begin XCBuildConfiguration section */
		47F415071AFA664C00EC3179 /* Debug */ = {
			isa = XCBuildConfiguration;
			buildSettings = {
				ALWAYS_SEARCH_USER_PATHS = NO;
				CLANG_CXX_LANGUAGE_STANDARD = "gnu++0x";
				CLANG_CXX_LIBRARY = "libc++";
				CLANG_ENABLE_MODULES = YES;
				CLANG_ENABLE_OBJC_ARC = YES;
				CLANG_WARN_BOOL_CONVERSION = YES;
				CLANG_WARN_CONSTANT_CONVERSION = YES;
				CLANG_WARN_DIRECT_OBJC_ISA_USAGE = YES_ERROR;
				CLANG_WARN_EMPTY_BODY = YES;
				CLANG_WARN_ENUM_CONVERSION = YES;
				CLANG_WARN_INT_CONVERSION = YES;
				CLANG_WARN_OBJC_ROOT_CLASS = YES_ERROR;
				CLANG_WARN_UNREACHABLE_CODE = YES;
				CLANG_WARN__DUPLICATE_METHOD_MATCH = YES;
				"CODE_SIGN_IDENTITY[sdk=iphoneos*]" = "iPhone Developer";
				COPY_PHASE_STRIP = NO;
				DEBUG_INFORMATION_FORMAT = "dwarf-with-dsym";
				ENABLE_STRICT_OBJC_MSGSEND = YES;
				GCC_C_LANGUAGE_STANDARD = gnu99;
				GCC_DYNAMIC_NO_PIC = NO;
				GCC_NO_COMMON_BLOCKS = YES;
				GCC_OPTIMIZATION_LEVEL = 0;
				GCC_PREPROCESSOR_DEFINITIONS = (
					"DEBUG=1",
					"$(inherited)",
				);
				GCC_SYMBOLS_PRIVATE_EXTERN = NO;
				GCC_WARN_64_TO_32_BIT_CONVERSION = YES;
				GCC_WARN_ABOUT_RETURN_TYPE = YES_ERROR;
				GCC_WARN_UNDECLARED_SELECTOR = YES;
				GCC_WARN_UNINITIALIZED_AUTOS = YES_AGGRESSIVE;
				GCC_WARN_UNUSED_FUNCTION = YES;
				GCC_WARN_UNUSED_VARIABLE = YES;
				IPHONEOS_DEPLOYMENT_TARGET = 8.3;
				MTL_ENABLE_DEBUG_INFO = YES;
				ONLY_ACTIVE_ARCH = YES;
				SDKROOT = iphoneos;
			};
			name = Debug;
		};
		47F415081AFA664C00EC3179 /* Release */ = {
			isa = XCBuildConfiguration;
			buildSettings = {
				ALWAYS_SEARCH_USER_PATHS = NO;
				CLANG_CXX_LANGUAGE_STANDARD = "gnu++0x";
				CLANG_CXX_LIBRARY = "libc++";
				CLANG_ENABLE_MODULES = YES;
				CLANG_ENABLE_OBJC_ARC = YES;
				CLANG_WARN_BOOL_CONVERSION = YES;
				CLANG_WARN_CONSTANT_CONVERSION = YES;
				CLANG_WARN_DIRECT_OBJC_ISA_USAGE = YES_ERROR;
				CLANG_WARN_EMPTY_BODY = YES;
				CLANG_WARN_ENUM_CONVERSION = YES;
				CLANG_WARN_INT_CONVERSION = YES;
				CLANG_WARN_OBJC_ROOT_CLASS = YES_ERROR;
				CLANG_WARN_UNREACHABLE_CODE = YES;
				CLANG_WARN__DUPLICATE_METHOD_MATCH = YES;
				"CODE_SIGN_IDENTITY[sdk=iphoneos*]" = "iPhone Developer";
				COPY_PHASE_STRIP = NO;
				DEBUG_INFORMATION_FORMAT = "dwarf-with-dsym";
				ENABLE_NS_ASSERTIONS = NO;
				ENABLE_STRICT_OBJC_MSGSEND = YES;
				GCC_C_LANGUAGE_STANDARD = gnu99;
				GCC_NO_COMMON_BLOCKS = YES;
				GCC_WARN_64_TO_32_BIT_CONVERSION = YES;
				GCC_WARN_ABOUT_RETURN_TYPE = YES_ERROR;
				GCC_WARN_UNDECLARED_SELECTOR = YES;
				GCC_WARN_UNINITIALIZED_AUTOS = YES_AGGRESSIVE;
				GCC_WARN_UNUSED_FUNCTION = YES;
				GCC_WARN_UNUSED_VARIABLE = YES;
				IPHONEOS_DEPLOYMENT_TARGET = 8.3;
				MTL_ENABLE_DEBUG_INFO = NO;
				SDKROOT = iphoneos;
				VALIDATE_PRODUCT = YES;
			};
			name = Release;
		};
		47F4150A1AFA664C00EC3179 /* Debug */ = {
			isa = XCBuildConfiguration;
			buildSettings = {
				ASSETCATALOG_COMPILER_APPICON_NAME = AppIcon;
				INFOPLIST_FILE = "绘图板/Info.plist";
				LD_RUNPATH_SEARCH_PATHS = "$(inherited) @executable_path/Frameworks";
				PRODUCT_NAME = "$(TARGET_NAME)";
			};
			name = Debug;
		};
		47F4150B1AFA664C00EC3179 /* Release */ = {
			isa = XCBuildConfiguration;
			buildSettings = {
				ASSETCATALOG_COMPILER_APPICON_NAME = AppIcon;
				INFOPLIST_FILE = "绘图板/Info.plist";
				LD_RUNPATH_SEARCH_PATHS = "$(inherited) @executable_path/Frameworks";
				PRODUCT_NAME = "$(TARGET_NAME)";
			};
			name = Release;
		};
		47F4150D1AFA664C00EC3179 /* Debug */ = {
			isa = XCBuildConfiguration;
			buildSettings = {
				BUNDLE_LOADER = "$(TEST_HOST)";
				FRAMEWORK_SEARCH_PATHS = (
					"$(SDKROOT)/Developer/Library/Frameworks",
					"$(inherited)",
				);
				GCC_PREPROCESSOR_DEFINITIONS = (
					"DEBUG=1",
					"$(inherited)",
				);
				INFOPLIST_FILE = "绘图板Tests/Info.plist";
				LD_RUNPATH_SEARCH_PATHS = "$(inherited) @executable_path/Frameworks @loader_path/Frameworks";
				PRODUCT_NAME = "$(TARGET_NAME)";
				TEST_HOST = "$(BUILT_PRODUCTS_DIR)/绘图板.app/绘图板";
			};
			name = Debug;
		};
		47F4150E1AFA664C00EC3179 /* Release */ = {
			isa = XCBuildConfiguration;
			buildSettings = {
				BUNDLE_LOADER = "$(TEST_HOST)";
				FRAMEWORK_SEARCH_PATHS = (
					"$(SDKROOT)/Developer/Library/Frameworks",
					"$(inherited)",
				);
				INFOPLIST_FILE = "绘图板Tests/Info.plist";
				LD_RUNPATH_SEARCH_PATHS = "$(inherited) @executable_path/Frameworks @loader_path/Frameworks";
				PRODUCT_NAME = "$(TARGET_NAME)";
				TEST_HOST = "$(BUILT_PRODUCTS_DIR)/绘图板.app/绘图板";
			};
			name = Release;
		};
/* End XCBuildConfiguration section */

/* Begin XCConfigurationList section */
		47F414E11AFA664C00EC3179 /* Build configuration list for PBXProject "绘图板" */ = {
			isa = XCConfigurationList;
			buildConfigurations = (
				47F415071AFA664C00EC3179 /* Debug */,
				47F415081AFA664C00EC3179 /* Release */,
			);
			defaultConfigurationIsVisible = 0;
			defaultConfigurationName = Release;
		};
		47F415091AFA664C00EC3179 /* Build configuration list for PBXNativeTarget "绘图板" */ = {
			isa = XCConfigurationList;
			buildConfigurations = (
				47F4150A1AFA664C00EC3179 /* Debug */,
				47F4150B1AFA664C00EC3179 /* Release */,
			);
			defaultConfigurationIsVisible = 0;
		};
		47F4150C1AFA664C00EC3179 /* Build configuration list for PBXNativeTarget "绘图板Tests" */ = {
			isa = XCConfigurationList;
			buildConfigurations = (
				47F4150D1AFA664C00EC3179 /* Debug */,
				47F4150E1AFA664C00EC3179 /* Release */,
			);
			defaultConfigurationIsVisible = 0;
		};
/* End XCConfigurationList section */
	};
	rootObject = 47F414DE1AFA664C00EC3179 /* Project object */;
}
